
Microsoft Visual Studio Solution File, Format Version 12.00
# Visual Studio Version 17
VisualStudioVersion = 17.4.33110.190
MinimumVisualStudioVersion = 10.0.40219.1
Project("{2150E333-8FDC-42A3-9474-1A3956D46DE8}") = "Services", "Services", "{998F5693-5CF9-472C-A6FA-943E7E3D877A}"
EndProject
Project("{9A19103F-16F7-4668-BE54-9A1E7A4F7556}") = "ERPServices.CashFlow.API", "ERPServices.CashFlow.API\ERPServices.CashFlow.API.csproj", "{9A36DD7D-000C-4699-ACBE-8B5A228F50A2}"
EndProject
Project("{9A19103F-16F7-4668-BE54-9A1E7A4F7556}") = "ERPServices.Report.API", "ERPServices.Report.API\ERPServices.Report.API.csproj", "{78E22599-D9F1-4D54-AFC2-DDC7C22CCCA2}"
EndProject
Project("{2150E333-8FDC-42A3-9474-1A3956D46DE8}") = "Integration", "Integration", "{5D8E20B8-707B-48A5-9BBB-452B3414EA59}"
EndProject
Project("{9A19103F-16F7-4668-BE54-9A1E7A4F7556}") = "ERPServices.MessageBus", "ERPServices.MessageBus\ERPServices.MessageBus.csproj", "{1F81EA54-2FA9-41BA-8F74-92F6E279B286}"
EndProject
Project("{9A19103F-16F7-4668-BE54-9A1E7A4F7556}") = "ERPServices.ProcessCashFlow.API", "ERPServices.ProcessCashFlow.API\ERPServices.ProcessCashFlow.API.csproj", "{26BA68D3-C08B-4A38-8397-02140F8D60C7}"
EndProject
Project("{2150E333-8FDC-42A3-9474-1A3956D46DE8}") = "Gateway", "Gateway", "{9E11AB6F-4CEF-4D2C-B2B7-25524FA5E2C5}"
EndProject
Project("{9A19103F-16F7-4668-BE54-9A1E7A4F7556}") = "ERPServices.APIGateway", "ERPServices.APIGateway\ERPServices.APIGateway.csproj", "{1C2C41BF-41D2-495D-A890-295FDD5579D6}"
EndProject
Project("{9A19103F-16F7-4668-BE54-9A1E7A4F7556}") = "ERPServices.Identity", "ERPServices.Identity\ERPServices.Identity.csproj", "{6FFE73F4-12D7-4D5E-A37E-60BE8038DEF5}"
EndProject
Project("{2150E333-8FDC-42A3-9474-1A3956D46DE8}") = "Tests", "Tests", "{8E08BB3C-67BA-495E-A540-7DEB52FB8CFE}"
EndProject
Project("{FAE04EC0-301F-11D3-BF4B-00C04F79EFBC}") = "ERPServices.CashFlow.API.Tests", "..\tests\ERPServices.CashFlow.API.Tests\ERPServices.CashFlow.API.Tests.csproj", "{87E48116-3450-465D-AE8E-1F57F3BEAFDC}"
EndProject
Project("{FAE04EC0-301F-11D3-BF4B-00C04F79EFBC}") = "ERPServices.Report.API.Tests", "..\tests\ERPServices.Report.API.Tests\ERPServices.Report.API.Tests.csproj", "{52764114-89A7-47CA-A7FF-B90E012EEB01}"
EndProject
Project("{FAE04EC0-301F-11D3-BF4B-00C04F79EFBC}") = "ERPServices.ProcessCashFlow.API.Test", "..\tests\ERPServices.ProcessCashFlow.API.Test\ERPServices.ProcessCashFlow.API.Test.csproj", "{3ABC51F7-09DF-463B-9389-FCE853FEF064}"
EndProject
Global
	GlobalSection(SolutionConfigurationPlatforms) = preSolution
		Debug|Any CPU = Debug|Any CPU
		Release|Any CPU = Release|Any CPU
	EndGlobalSection
	GlobalSection(ProjectConfigurationPlatforms) = postSolution
		{9A36DD7D-000C-4699-ACBE-8B5A228F50A2}.Debug|Any CPU.ActiveCfg = Debug|Any CPU
		{9A36DD7D-000C-4699-ACBE-8B5A228F50A2}.Debug|Any CPU.Build.0 = Debug|Any CPU
		{9A36DD7D-000C-4699-ACBE-8B5A228F50A2}.Release|Any CPU.ActiveCfg = Release|Any CPU
		{9A36DD7D-000C-4699-ACBE-8B5A228F50A2}.Release|Any CPU.Build.0 = Release|Any CPU
		{78E22599-D9F1-4D54-AFC2-DDC7C22CCCA2}.Debug|Any CPU.ActiveCfg = Debug|Any CPU
		{78E22599-D9F1-4D54-AFC2-DDC7C22CCCA2}.Debug|Any CPU.Build.0 = Debug|Any CPU
		{78E22599-D9F1-4D54-AFC2-DDC7C22CCCA2}.Release|Any CPU.ActiveCfg = Release|Any CPU
		{78E22599-D9F1-4D54-AFC2-DDC7C22CCCA2}.Release|Any CPU.Build.0 = Release|Any CPU
		{1F81EA54-2FA9-41BA-8F74-92F6E279B286}.Debug|Any CPU.ActiveCfg = Debug|Any CPU
		{1F81EA54-2FA9-41BA-8F74-92F6E279B286}.Debug|Any CPU.Build.0 = Debug|Any CPU
		{1F81EA54-2FA9-41BA-8F74-92F6E279B286}.Release|Any CPU.ActiveCfg = Release|Any CPU
		{1F81EA54-2FA9-41BA-8F74-92F6E279B286}.Release|Any CPU.Build.0 = Release|Any CPU
		{26BA68D3-C08B-4A38-8397-02140F8D60C7}.Debug|Any CPU.ActiveCfg = Debug|Any CPU
		{26BA68D3-C08B-4A38-8397-02140F8D60C7}.Debug|Any CPU.Build.0 = Debug|Any CPU
		{26BA68D3-C08B-4A38-8397-02140F8D60C7}.Release|Any CPU.ActiveCfg = Release|Any CPU
		{26BA68D3-C08B-4A38-8397-02140F8D60C7}.Release|Any CPU.Build.0 = Release|Any CPU
		{1C2C41BF-41D2-495D-A890-295FDD5579D6}.Debug|Any CPU.ActiveCfg = Debug|Any CPU
		{1C2C41BF-41D2-495D-A890-295FDD5579D6}.Debug|Any CPU.Build.0 = Debug|Any CPU
		{1C2C41BF-41D2-495D-A890-295FDD5579D6}.Release|Any CPU.ActiveCfg = Release|Any CPU
		{1C2C41BF-41D2-495D-A890-295FDD5579D6}.Release|Any CPU.Build.0 = Release|Any CPU
		{6FFE73F4-12D7-4D5E-A37E-60BE8038DEF5}.Debug|Any CPU.ActiveCfg = Debug|Any CPU
		{6FFE73F4-12D7-4D5E-A37E-60BE8038DEF5}.Debug|Any CPU.Build.0 = Debug|Any CPU
		{6FFE73F4-12D7-4D5E-A37E-60BE8038DEF5}.Release|Any CPU.ActiveCfg = Release|Any CPU
		{6FFE73F4-12D7-4D5E-A37E-60BE8038DEF5}.Release|Any CPU.Build.0 = Release|Any CPU
		{87E48116-3450-465D-AE8E-1F57F3BEAFDC}.Debug|Any CPU.ActiveCfg = Debug|Any CPU
		{87E48116-3450-465D-AE8E-1F57F3BEAFDC}.Debug|Any CPU.Build.0 = Debug|Any CPU
		{87E48116-3450-465D-AE8E-1F57F3BEAFDC}.Release|Any CPU.ActiveCfg = Release|Any CPU
		{87E48116-3450-465D-AE8E-1F57F3BEAFDC}.Release|Any CPU.Build.0 = Release|Any CPU
		{52764114-89A7-47CA-A7FF-B90E012EEB01}.Debug|Any CPU.ActiveCfg = Debug|Any CPU
		{52764114-89A7-47CA-A7FF-B90E012EEB01}.Debug|Any CPU.Build.0 = Debug|Any CPU
		{52764114-89A7-47CA-A7FF-B90E012EEB01}.Release|Any CPU.ActiveCfg = Release|Any CPU
		{52764114-89A7-47CA-A7FF-B90E012EEB01}.Release|Any CPU.Build.0 = Release|Any CPU
		{3ABC51F7-09DF-463B-9389-FCE853FEF064}.Debug|Any CPU.ActiveCfg = Debug|Any CPU
		{3ABC51F7-09DF-463B-9389-FCE853FEF064}.Debug|Any CPU.Build.0 = Debug|Any CPU
		{3ABC51F7-09DF-463B-9389-FCE853FEF064}.Release|Any CPU.ActiveCfg = Release|Any CPU
		{3ABC51F7-09DF-463B-9389-FCE853FEF064}.Release|Any CPU.Build.0 = Release|Any CPU
	EndGlobalSection
	GlobalSection(SolutionProperties) = preSolution
		HideSolutionNode = FALSE
	EndGlobalSection
	GlobalSection(NestedProjects) = preSolution
		{9A36DD7D-000C-4699-ACBE-8B5A228F50A2} = {998F5693-5CF9-472C-A6FA-943E7E3D877A}
		{78E22599-D9F1-4D54-AFC2-DDC7C22CCCA2} = {998F5693-5CF9-472C-A6FA-943E7E3D877A}
		{1F81EA54-2FA9-41BA-8F74-92F6E279B286} = {5D8E20B8-707B-48A5-9BBB-452B3414EA59}
		{26BA68D3-C08B-4A38-8397-02140F8D60C7} = {998F5693-5CF9-472C-A6FA-943E7E3D877A}
		{1C2C41BF-41D2-495D-A890-295FDD5579D6} = {9E11AB6F-4CEF-4D2C-B2B7-25524FA5E2C5}
		{6FFE73F4-12D7-4D5E-A37E-60BE8038DEF5} = {998F5693-5CF9-472C-A6FA-943E7E3D877A}
		{87E48116-3450-465D-AE8E-1F57F3BEAFDC} = {8E08BB3C-67BA-495E-A540-7DEB52FB8CFE}
		{52764114-89A7-47CA-A7FF-B90E012EEB01} = {8E08BB3C-67BA-495E-A540-7DEB52FB8CFE}
		{3ABC51F7-09DF-463B-9389-FCE853FEF064} = {8E08BB3C-67BA-495E-A540-7DEB52FB8CFE}
	EndGlobalSection
	GlobalSection(ExtensibilityGlobals) = postSolution
		SolutionGuid = {39E7ED8A-D4DC-47F4-B7A4-7200EAAD6752}
	EndGlobalSection
EndGlobal
